github.com/DexterLB/mpvipc v0.0.0-20190216161438-2a226fa01bbd h1:arFa08TQtfw5NquODWwaQpgcXeC2HC0bNIstVMmsdNk=
github.com/DexterLB/mpvipc v0.0.0-20190216161438-2a226fa01bbd/go.mod h1:nMVB54ifXmC1hpgfq7gTpotbv891pd2wAX/whuUj1q4=
github.com/dave/jennifer v1.4.0/go.mod h1:fIb+770HOpJ2fmN9EPPKOqm1vMGhB+TwXKMZhrIygKg=
github.com/davecgh/go-spew v1.1.1 h1:vj9j/u1bqnvCEfJOwUhtlOARqs3+rkHYY13jYWTU97c=
github.com/davecgh/go-spew v1.1.1/go.mod h1:J7Y8YcW2NihsgmVo/mv3lAwl/skON4iLHjSsI+c5H38=
github.com/dhowden/tag v0.0.0-20200828214007-46e57f75dbfc h1:8ndBJ8cTZwp5Qtl5fnG5bM/ekMnm1GFdUSMTGiN09K0=
github.com/dhowden/tag v0.0.0-20200828214007-46e57f75dbfc/go.mod h1:SniNVYuaD1jmdEEvi+7ywb1QFR7agjeTdGKyFb0p7Rw=
github.com/diamondburned/audpl v0.0.0-20200626211044-4652cd67fe80 h1:ljPheLa250k60nAktTaX2iSQoiRN7FPBIUGySzbv2fY=
github.com/diamondburned/audpl v0.0.0-20200626211044-4652cd67fe80/go.mod h1:KT42fQJB9VDjTgtvToaw3znWShn7nS3aJ6n0QmCx1Bg=
github.com/diamondburned/gotk3 v0.0.0-20200816224505-3cd69b83a48a h1:wEldljb421/Jp84RNb0zBfqmiWt/TTQzUE6R1ap6UuQ=
github.com/diamondburned/gotk3 v0.0.0-20200816224505-3cd69b83a48a/go.mod h1:/hqFpkNa9T3JgNAE2fLvCdov7c5bw//FHNZrZ3Uv9/Q=
github.com/diamondburned/handy v0.0.0-20200829011954-4667e7a918f4 h1:qF5VHC35+GyCjUmKz+1O94xpFc0JQd4Ui3h+I955pJw=
github.com/diamondburned/handy v0.0.0-20200829011954-4667e7a918f4/go.mod h1:V0qyhW4v6KPFwtDpXdBm5aWH7zWEyrzZpcB6MPnKArQ=
github.com/mitchellh/go-wordwrap v1.0.0/go.mod h1:ZXFpozHsX6DPmq2I0TCekCxypsnAUbP2oI0UX1GXzOo=
github.com/pkg/errors v0.9.1 h1:FEBLx1zS214owpjy7qsBeixbURkuhQAwrK5UwLGTwt4=
github.com/pkg/errors v0.9.1/go.mod h1:bwawxfHBFNV+L2hUp1rHADufV3IMtnDRdf1r5NINEl0=
github.com/ushis/m3u v0.0.0-20150127162843-94396b784733 h1:m4zGEkIeft/gfUs469WS/gB6NT3RtkG8zQrOvCOzovE=
github.com/ushis/m3u v0.0.0-20150127162843-94396b784733/go.mod h1:/w56gU05vgM74JSy2/xFy6tUQ9vJBMiciHNvyIEU1UY=
gopkg.in/natefinch/npipe.v2 v2.0.0-20160621034901-c1b8fa8bdcce h1:+JknDZhAj8YMt7GC73Ei8pv4MzjDUNPHgQWJdtMAaDU=
gopkg.in/natefinch/npipe.v2 v2.0.0-20160621034901-c1b8fa8bdcce/go.mod h1:5AcXVHNjg+BDxry382+8OKon8SEWiKktQR07RKPsv1c=
