github.com/DexterLB/mpvipc v0.0.0-20190216161438-2a226fa01bbd h1:arFa08TQtfw5NquODWwaQpgcXeC2HC0bNIstVMmsdNk=
github.com/DexterLB/mpvipc v0.0.0-20190216161438-2a226fa01bbd/go.mod h1:nMVB54ifXmC1hpgfq7gTpotbv891pd2wAX/whuUj1q4=
github.com/ajstarks/svgo v0.0.0-20180226025133-644b8db467af/go.mod h1:K08gAheRH3/J6wwsYMMT4xOr94bZjxIelGM0+d/wbFw=
github.com/dave/jennifer v1.4.0/go.mod h1:fIb+770HOpJ2fmN9EPPKOqm1vMGhB+TwXKMZhrIygKg=
github.com/davecgh/go-spew v1.1.1 h1:vj9j/u1bqnvCEfJOwUhtlOARqs3+rkHYY13jYWTU97c=
github.com/davecgh/go-spew v1.1.1/go.mod h1:J7Y8YcW2NihsgmVo/mv3lAwl/skON4iLHjSsI+c5H38=
github.com/dhowden/tag v0.0.0-20200828214007-46e57f75dbfc h1:8ndBJ8cTZwp5Qtl5fnG5bM/ekMnm1GFdUSMTGiN09K0=
github.com/dhowden/tag v0.0.0-20200828214007-46e57f75dbfc/go.mod h1:SniNVYuaD1jmdEEvi+7ywb1QFR7agjeTdGKyFb0p7Rw=
github.com/diamondburned/audpl v0.0.0-20201107052523-20d1b6c126e7 h1:Dgx4rdfcxY+DhJXowfIUY17Tt3G9ndN9yxnRLbSFiU8=
github.com/diamondburned/audpl v0.0.0-20201107052523-20d1b6c126e7/go.mod h1:KT42fQJB9VDjTgtvToaw3znWShn7nS3aJ6n0QmCx1Bg=
github.com/diamondburned/catnip-gtk v0.0.0-20201123211803-fbbb38709ef7 h1:zqvKyInVg6YlAvY1L9EabW59fzKnbpD5sDZTP4UUlRQ=
github.com/diamondburned/catnip-gtk v0.0.0-20201123211803-fbbb38709ef7/go.mod h1:qJvGTU2SKkzjOJLmGrMuEYiERYTAdDGID+VGWZwqPkY=
github.com/diamondburned/catnip-gtk v0.0.0-20201130045011-fca87c9a0d31 h1:C+W8U8f9rAPGrxYrkemo3Nraczo9GJIKfXHopf1Ij8A=
github.com/diamondburned/catnip-gtk v0.0.0-20201130045011-fca87c9a0d31/go.mod h1:qJvGTU2SKkzjOJLmGrMuEYiERYTAdDGID+VGWZwqPkY=
github.com/diamondburned/catnip-gtk v0.0.0-20201202042837-470a5811e41c h1:O2rub5VHibyLf3EstEnrBsb8qvearuYtKRUy5Pec1Y0=
github.com/diamondburned/catnip-gtk v0.0.0-20201202042837-470a5811e41c/go.mod h1:SQ/Lw4SCbqsky5xoowqUziECmjNALuuDzR7b7LCIvYg=
github.com/diamondburned/catnip-gtk v0.0.0-20201217214603-f2b900e40c61 h1:nIxtjXBU1iAcl/qsz/YzGHdUP5Eb4EiNr9rs+ey/Q5o=
github.com/diamondburned/catnip-gtk v0.0.0-20201217214603-f2b900e40c61/go.mod h1:5k4F52K0RwTVzNAIjhqxbsAO2iJLOEGUTlM/8vGNDB8=
github.com/diamondburned/gotk3 v0.0.0-20201122055630-6008556661ea h1:U5XL8xNSboILY28p/Ou0GNX5J+B2I9ZZKAm4Mwg6Di8=
github.com/diamondburned/gotk3 v0.0.0-20201122055630-6008556661ea/go.mod h1:/hqFpkNa9T3JgNAE2fLvCdov7c5bw//FHNZrZ3Uv9/Q=
github.com/diamondburned/gotk3 v0.0.0-20201125221322-4028816f3fce h1:e6+u7nl+gqHo7i6dDBIG/sZsH4JCzJ3fITLScRdaWaU=
github.com/diamondburned/gotk3 v0.0.0-20201125221322-4028816f3fce/go.mod h1:/hqFpkNa9T3JgNAE2fLvCdov7c5bw//FHNZrZ3Uv9/Q=
github.com/diamondburned/gotk3 v0.0.0-20201130155633-7bac31bb1d45 h1:KFpxiWfYl9bVDO0ngXtsEENa53lu4VagdJFaHJm2/Ok=
github.com/diamondburned/gotk3 v0.0.0-20201130155633-7bac31bb1d45/go.mod h1:/hqFpkNa9T3JgNAE2fLvCdov7c5bw//FHNZrZ3Uv9/Q=
github.com/diamondburned/gotk3 v0.0.0-20201209182406-e7291341a091 h1:lQpSWzbi3rQf66aMSip/rIypasIFwqCqF0Wfn5og6gw=
github.com/diamondburned/gotk3 v0.0.0-20201209182406-e7291341a091/go.mod h1:/hqFpkNa9T3JgNAE2fLvCdov7c5bw//FHNZrZ3Uv9/Q=
github.com/diamondburned/handy v0.0.0-20200829011954-4667e7a918f4 h1:qF5VHC35+GyCjUmKz+1O94xpFc0JQd4Ui3h+I955pJw=
github.com/diamondburned/handy v0.0.0-20200829011954-4667e7a918f4/go.mod h1:V0qyhW4v6KPFwtDpXdBm5aWH7zWEyrzZpcB6MPnKArQ=
github.com/diamondburned/mpvipc v0.0.0-20201209232846-4068be1242b4 h1:4DUJs9mhlelGQ67cBJeRnoV5A+8CLQBWRb2fta5ko+k=
github.com/diamondburned/mpvipc v0.0.0-20201209232846-4068be1242b4/go.mod h1:MOb+Drd+EFz0VPj7rIvOWoXSujs55jAL7MGCUQIrM7M=
github.com/diamondburned/mpvipc v0.0.0-20201209233959-abc9af4dc0af h1:ieA6nTXvTfZDMIMXbGtcwaqqvVz72XPXp0GY7PA0M6k=
github.com/diamondburned/mpvipc v0.0.0-20201209233959-abc9af4dc0af/go.mod h1:MOb+Drd+EFz0VPj7rIvOWoXSujs55jAL7MGCUQIrM7M=
github.com/diamondburned/tavis v0.0.0-20201107024128-229ebc1a9c2b h1:JOCSfrw8Q6EDcJzeumF9Jjlr3ATaKEIRSZ1JVGpAXig=
github.com/diamondburned/tavis v0.0.0-20201107024128-229ebc1a9c2b/go.mod h1:PhwRw+u4VahyvQ/4LwTo/oy/04XKO+t4/Cyw1DMIQYU=
github.com/fogleman/gg v1.2.1-0.20190220221249-0403632d5b90/go.mod h1:R/bRT+9gY/C5z7JzPU0zXsXHKM4/ayA+zqcVNZzPa1k=
github.com/go-test/deep v1.0.7 h1:/VSMRlnY/JSyqxQUzQLKVMAskpY/NZKFA5j2P+0pP2M=
github.com/go-test/deep v1.0.7/go.mod h1:QV8Hv/iy04NyLBxAdO9njL0iVPN1S4d/A3NVv1V36o8=
github.com/godbus/dbus v4.1.0+incompatible h1:WqqLRTsQic3apZUK9qC5sGNfXthmPXzUZ7nQPrNITa4=
github.com/godbus/dbus v4.1.0+incompatible/go.mod h1:/YcGZj5zSblfDWMMoOzV4fas9FZnQYTkDnsGvmh2Grw=
github.com/godbus/dbus/v5 v5.0.3 h1:ZqHaoEF7TBzh4jzPmqVhE/5A1z9of6orkAe5uHoAeME=
github.com/godbus/dbus/v5 v5.0.3/go.mod h1:xhWf0FNVPg57R7Z0UbKHbJfkEywrmjJnf7w5xrFpKfA=
github.com/golang/freetype v0.0.0-20170609003504-e2365dfdc4a0/go.mod h1:E/TSTwGwJL78qG/PmXZO1EjYhfJinVAhrmmHX6Z8B9k=
github.com/integrii/flaggy v1.4.4/go.mod h1:tnTxHeTJbah0gQ6/K0RW0J7fMUBk9MCF5blhm43LNpI=
github.com/jung-kurt/gofpdf v1.0.3-0.20190309125859-24315acbbda5/go.mod h1:7Id9E/uU8ce6rXgefFLlgrJj/GYY22cpxn+r32jIOes=
github.com/lawl/pulseaudio v0.0.0-20200802093727-ab0735955fd0 h1:JrvOwrr1teFiqsp0EQxgEPJsm0pet+YLTL+HdYmnMx0=
github.com/lawl/pulseaudio v0.0.0-20200802093727-ab0735955fd0/go.mod h1:9h36x4KH7r2V8DOCKoPMt87IXZ++X90y8D5nnuwq290=
github.com/mattn/go-runewidth v0.0.9/go.mod h1:H031xJmbD/WCDINGzjvQ9THkh0rPKHF+m2gUSrubnMI=
github.com/mitchellh/go-wordwrap v1.0.0/go.mod h1:ZXFpozHsX6DPmq2I0TCekCxypsnAUbP2oI0UX1GXzOo=
github.com/nsf/termbox-go v0.0.0-20200418040025-38ba6e5628f1/go.mod h1:IuKpRQcYE1Tfu+oAQqaLisqDeXgjyyltCfsaoYN18NQ=
github.com/pkg/errors v0.9.1 h1:FEBLx1zS214owpjy7qsBeixbURkuhQAwrK5UwLGTwt4=
github.com/pkg/errors v0.9.1/go.mod h1:bwawxfHBFNV+L2hUp1rHADufV3IMtnDRdf1r5NINEl0=
github.com/ushis/m3u v0.0.0-20150127162843-94396b784733 h1:m4zGEkIeft/gfUs469WS/gB6NT3RtkG8zQrOvCOzovE=
github.com/ushis/m3u v0.0.0-20150127162843-94396b784733/go.mod h1:/w56gU05vgM74JSy2/xFy6tUQ9vJBMiciHNvyIEU1UY=
golang.org/x/exp v0.0.0-20180321215751-8460e604b9de/go.mod h1:CJ0aWSM057203Lf6IL+f9T1iT9GByDxfZKAQTCR3kQA=
golang.org/x/exp v0.0.0-20180807140117-3d87b88a115f/go.mod h1:CJ0aWSM057203Lf6IL+f9T1iT9GByDxfZKAQTCR3kQA=
golang.org/x/exp v0.0.0-20190125153040-c74c464bbbf2 h1:y102fOLFqhV41b+4GPiJoa0k/x+pJcEi2/HB1Y5T6fU=
golang.org/x/exp v0.0.0-20190125153040-c74c464bbbf2/go.mod h1:CJ0aWSM057203Lf6IL+f9T1iT9GByDxfZKAQTCR3kQA=
golang.org/x/image v0.0.0-20180708004352-c73c2afc3b81/go.mod h1:ux5Hcp/YLpHSI86hEcLt0YII63i6oz57MZXIpbrjZUs=
golang.org/x/tools v0.0.0-20180525024113-a5b4c53f6e8b/go.mod h1:n7NCudcB/nEzxVGmLbDWY5pfWTLqBcC2KZ6jyYvM4mQ=
golang.org/x/tools v0.0.0-20190206041539-40960b6deb8e/go.mod h1:n7NCudcB/nEzxVGmLbDWY5pfWTLqBcC2KZ6jyYvM4mQ=
gonum.org/v1/gonum v0.0.0-20180816165407-929014505bf4/go.mod h1:Y+Yx5eoAFn32cQvJDxZx5Dpnq+c3wtXuadVZAcxbbBo=
gonum.org/v1/gonum v0.8.1 h1:wGtP3yGpc5mCLOLeTeBdjeui9oZSz5De0eOjMLC/QuQ=
gonum.org/v1/gonum v0.8.1/go.mod h1:oe/vMfY3deqTw+1EZJhuvEW2iwGF1bW9wwu7XCu0+v0=
gonum.org/v1/netlib v0.0.0-20190313105609-8cb42192e0e0 h1:OE9mWmgKkjJyEmDAAtGMPjXu+YNeGvK9VTSHY6+Qihc=
gonum.org/v1/netlib v0.0.0-20190313105609-8cb42192e0e0/go.mod h1:wa6Ws7BG/ESfp6dHfk7C6KdzKA7wR7u/rKwOGE66zvw=
gonum.org/v1/plot v0.0.0-20190515093506-e2840ee46a6b/go.mod h1:Wt8AAjI+ypCyYX3nZBvf6cAIx93T+c/OS2HFAYskSZc=
gopkg.in/natefinch/npipe.v2 v2.0.0-20160621034901-c1b8fa8bdcce h1:+JknDZhAj8YMt7GC73Ei8pv4MzjDUNPHgQWJdtMAaDU=
gopkg.in/natefinch/npipe.v2 v2.0.0-20160621034901-c1b8fa8bdcce/go.mod h1:5AcXVHNjg+BDxry382+8OKon8SEWiKktQR07RKPsv1c=
rsc.io/pdf v0.1.1/go.mod h1:n8OzWcQ6Sp37PL01nO98y4iUCRdTGarVfzxY20ICaU4=
