github.com/DexterLB/mpvipc v0.0.0-20190216161438-2a226fa01bbd h1:arFa08TQtfw5NquODWwaQpgcXeC2HC0bNIstVMmsdNk=
github.com/DexterLB/mpvipc v0.0.0-20190216161438-2a226fa01bbd/go.mod h1:nMVB54ifXmC1hpgfq7gTpotbv891pd2wAX/whuUj1q4=
github.com/ajstarks/svgo v0.0.0-20180226025133-644b8db467af/go.mod h1:K08gAheRH3/J6wwsYMMT4xOr94bZjxIelGM0+d/wbFw=
github.com/dave/jennifer v1.4.0/go.mod h1:fIb+770HOpJ2fmN9EPPKOqm1vMGhB+TwXKMZhrIygKg=
github.com/davecgh/go-spew v1.1.1 h1:vj9j/u1bqnvCEfJOwUhtlOARqs3+rkHYY13jYWTU97c=
github.com/davecgh/go-spew v1.1.1/go.mod h1:J7Y8YcW2NihsgmVo/mv3lAwl/skON4iLHjSsI+c5H38=
github.com/dhowden/tag v0.0.0-20200828214007-46e57f75dbfc h1:8ndBJ8cTZwp5Qtl5fnG5bM/ekMnm1GFdUSMTGiN09K0=
github.com/dhowden/tag v0.0.0-20200828214007-46e57f75dbfc/go.mod h1:SniNVYuaD1jmdEEvi+7ywb1QFR7agjeTdGKyFb0p7Rw=
github.com/diamondburned/audpl v0.0.0-20200626211044-4652cd67fe80 h1:ljPheLa250k60nAktTaX2iSQoiRN7FPBIUGySzbv2fY=
github.com/diamondburned/audpl v0.0.0-20200626211044-4652cd67fe80/go.mod h1:KT42fQJB9VDjTgtvToaw3znWShn7nS3aJ6n0QmCx1Bg=
github.com/diamondburned/audpl v0.0.0-20201107052523-20d1b6c126e7 h1:Dgx4rdfcxY+DhJXowfIUY17Tt3G9ndN9yxnRLbSFiU8=
github.com/diamondburned/audpl v0.0.0-20201107052523-20d1b6c126e7/go.mod h1:KT42fQJB9VDjTgtvToaw3znWShn7nS3aJ6n0QmCx1Bg=
github.com/diamondburned/catnip-gtk v0.0.0-20201107014710-c487e8d95f55 h1:O/Uzr/QUMYNNw7A+nUSoUuQRBXT1Oe2e3b0jXsKavqQ=
github.com/diamondburned/catnip-gtk v0.0.0-20201107014710-c487e8d95f55/go.mod h1:pgZpophN26WTu9ixtKfaYMX9ddaeX6nzZxwZMf7VLQw=
github.com/diamondburned/catnip-gtk v0.0.0-20201107023228-90cd75f37db3 h1:tFPfROnkF/HgpVdBnGO0pGFxRAZkWwq6GpLItDQXPs0=
github.com/diamondburned/catnip-gtk v0.0.0-20201107023228-90cd75f37db3/go.mod h1:pgZpophN26WTu9ixtKfaYMX9ddaeX6nzZxwZMf7VLQw=
github.com/diamondburned/catnip-gtk v0.0.0-20201107023620-e29f175b68f1 h1:qbYtO3Y6yHcbE7LlJQ6QxgNkcMlOHgIKr/dQ369k1AI=
github.com/diamondburned/catnip-gtk v0.0.0-20201107023620-e29f175b68f1/go.mod h1:pgZpophN26WTu9ixtKfaYMX9ddaeX6nzZxwZMf7VLQw=
github.com/diamondburned/catnip-gtk v0.0.0-20201107024336-8da774b9a39a h1:5RwxXkuejUB6PbmjUELaXqHxmzbSdFpOCF4rzSr4JDc=
github.com/diamondburned/catnip-gtk v0.0.0-20201107024336-8da774b9a39a/go.mod h1:eZF8rwFQWZ30Ahh4X/UmdkuASkzpMF3dN8ttqAvO/eg=
github.com/diamondburned/catnip-gtk v0.0.0-20201107031127-bbf900a1a534 h1:u0gGlN+XmNSmxgug4geOkruVLC7mdQtd8GSLBLlw7Ds=
github.com/diamondburned/catnip-gtk v0.0.0-20201107031127-bbf900a1a534/go.mod h1:eZF8rwFQWZ30Ahh4X/UmdkuASkzpMF3dN8ttqAvO/eg=
github.com/diamondburned/catnip-gtk v0.0.0-20201107032942-decc7a7af271 h1:IM5QJScdlB0d7IhPYY+//3J3psnYVcOgKx6V21tUvXI=
github.com/diamondburned/catnip-gtk v0.0.0-20201107032942-decc7a7af271/go.mod h1:eZF8rwFQWZ30Ahh4X/UmdkuASkzpMF3dN8ttqAvO/eg=
github.com/diamondburned/catnip-gtk v0.0.0-20201107044037-a1edcd4aa571 h1:A4deIwS/oVAZvPVcU8s5mW/tq7RosmV++OQvICugPmo=
github.com/diamondburned/catnip-gtk v0.0.0-20201107044037-a1edcd4aa571/go.mod h1:eZF8rwFQWZ30Ahh4X/UmdkuASkzpMF3dN8ttqAvO/eg=
github.com/diamondburned/catnip-gtk v0.0.0-20201107070823-c596bbce77ac h1:3cWyQGUhYxoScgb00GQFSpRFALiv/HUUgpPuW1L7kxs=
github.com/diamondburned/catnip-gtk v0.0.0-20201107070823-c596bbce77ac/go.mod h1:eZF8rwFQWZ30Ahh4X/UmdkuASkzpMF3dN8ttqAvO/eg=
github.com/diamondburned/catnip-gtk v0.0.0-20201108094734-baba3f60a604 h1:kThf+As2HI3L++e3QVA1qoGFNbBGQQShr8rprts3A9E=
github.com/diamondburned/catnip-gtk v0.0.0-20201108094734-baba3f60a604/go.mod h1:eZF8rwFQWZ30Ahh4X/UmdkuASkzpMF3dN8ttqAvO/eg=
github.com/diamondburned/catnip-gtk v0.0.0-20201108204443-79dbb5eccb88 h1:8Xb/kdsRt4J4sOX0KZ0yZ1MAjDjyJO1QkhG+lw2jbes=
github.com/diamondburned/catnip-gtk v0.0.0-20201108204443-79dbb5eccb88/go.mod h1:eZF8rwFQWZ30Ahh4X/UmdkuASkzpMF3dN8ttqAvO/eg=
github.com/diamondburned/catnip-gtk v0.0.0-20201108210708-bcb992f04044 h1:uwVHiZrRONhwhYVTrLRKr/ZujXkFRvG2eTRUl92rkT0=
github.com/diamondburned/catnip-gtk v0.0.0-20201108210708-bcb992f04044/go.mod h1:eZF8rwFQWZ30Ahh4X/UmdkuASkzpMF3dN8ttqAvO/eg=
github.com/diamondburned/catnip-gtk v0.0.0-20201108211338-cfadea8afab3 h1:KZtqhFXRdwi67WfS4GsRDOyw28GZprkXNvvcnLu7SqE=
github.com/diamondburned/catnip-gtk v0.0.0-20201108211338-cfadea8afab3/go.mod h1:eZF8rwFQWZ30Ahh4X/UmdkuASkzpMF3dN8ttqAvO/eg=
github.com/diamondburned/handy v0.0.0-20200829011954-4667e7a918f4 h1:qF5VHC35+GyCjUmKz+1O94xpFc0JQd4Ui3h+I955pJw=
github.com/diamondburned/handy v0.0.0-20200829011954-4667e7a918f4/go.mod h1:V0qyhW4v6KPFwtDpXdBm5aWH7zWEyrzZpcB6MPnKArQ=
github.com/diamondburned/tavis v0.0.0-20201107024128-229ebc1a9c2b h1:JOCSfrw8Q6EDcJzeumF9Jjlr3ATaKEIRSZ1JVGpAXig=
github.com/diamondburned/tavis v0.0.0-20201107024128-229ebc1a9c2b/go.mod h1:PhwRw+u4VahyvQ/4LwTo/oy/04XKO+t4/Cyw1DMIQYU=
github.com/fogleman/gg v1.2.1-0.20190220221249-0403632d5b90/go.mod h1:R/bRT+9gY/C5z7JzPU0zXsXHKM4/ayA+zqcVNZzPa1k=
github.com/golang/freetype v0.0.0-20170609003504-e2365dfdc4a0/go.mod h1:E/TSTwGwJL78qG/PmXZO1EjYhfJinVAhrmmHX6Z8B9k=
github.com/gotk3/gotk3 v0.5.1-0.20201028052159-952547abf55a h1:9O8VeGmNRqh8UPYLfjYc+W3Gu7vSVTo2uEswq4FO9xI=
github.com/gotk3/gotk3 v0.5.1-0.20201028052159-952547abf55a/go.mod h1:/hqFpkNa9T3JgNAE2fLvCdov7c5bw//FHNZrZ3Uv9/Q=
github.com/integrii/flaggy v1.4.4/go.mod h1:tnTxHeTJbah0gQ6/K0RW0J7fMUBk9MCF5blhm43LNpI=
github.com/jung-kurt/gofpdf v1.0.3-0.20190309125859-24315acbbda5/go.mod h1:7Id9E/uU8ce6rXgefFLlgrJj/GYY22cpxn+r32jIOes=
github.com/lawl/pulseaudio v0.0.0-20200802093727-ab0735955fd0 h1:JrvOwrr1teFiqsp0EQxgEPJsm0pet+YLTL+HdYmnMx0=
github.com/lawl/pulseaudio v0.0.0-20200802093727-ab0735955fd0/go.mod h1:9h36x4KH7r2V8DOCKoPMt87IXZ++X90y8D5nnuwq290=
github.com/mattn/go-runewidth v0.0.9/go.mod h1:H031xJmbD/WCDINGzjvQ9THkh0rPKHF+m2gUSrubnMI=
github.com/mitchellh/go-wordwrap v1.0.0/go.mod h1:ZXFpozHsX6DPmq2I0TCekCxypsnAUbP2oI0UX1GXzOo=
github.com/noriah/catnip v1.0.1-0.20201104094429-58c624d9af1f h1:Y0FgXJSLvCVfgVGHFO7HPDpEwsIax7f4vN/ec+thHDo=
github.com/noriah/catnip v1.0.1-0.20201104094429-58c624d9af1f/go.mod h1:PhwRw+u4VahyvQ/4LwTo/oy/04XKO+t4/Cyw1DMIQYU=
github.com/nsf/termbox-go v0.0.0-20200418040025-38ba6e5628f1/go.mod h1:IuKpRQcYE1Tfu+oAQqaLisqDeXgjyyltCfsaoYN18NQ=
github.com/pkg/errors v0.9.1 h1:FEBLx1zS214owpjy7qsBeixbURkuhQAwrK5UwLGTwt4=
github.com/pkg/errors v0.9.1/go.mod h1:bwawxfHBFNV+L2hUp1rHADufV3IMtnDRdf1r5NINEl0=
github.com/ushis/m3u v0.0.0-20150127162843-94396b784733 h1:m4zGEkIeft/gfUs469WS/gB6NT3RtkG8zQrOvCOzovE=
github.com/ushis/m3u v0.0.0-20150127162843-94396b784733/go.mod h1:/w56gU05vgM74JSy2/xFy6tUQ9vJBMiciHNvyIEU1UY=
golang.org/x/exp v0.0.0-20180321215751-8460e604b9de/go.mod h1:CJ0aWSM057203Lf6IL+f9T1iT9GByDxfZKAQTCR3kQA=
golang.org/x/exp v0.0.0-20180807140117-3d87b88a115f/go.mod h1:CJ0aWSM057203Lf6IL+f9T1iT9GByDxfZKAQTCR3kQA=
golang.org/x/exp v0.0.0-20190125153040-c74c464bbbf2/go.mod h1:CJ0aWSM057203Lf6IL+f9T1iT9GByDxfZKAQTCR3kQA=
golang.org/x/image v0.0.0-20180708004352-c73c2afc3b81/go.mod h1:ux5Hcp/YLpHSI86hEcLt0YII63i6oz57MZXIpbrjZUs=
golang.org/x/tools v0.0.0-20180525024113-a5b4c53f6e8b/go.mod h1:n7NCudcB/nEzxVGmLbDWY5pfWTLqBcC2KZ6jyYvM4mQ=
golang.org/x/tools v0.0.0-20190206041539-40960b6deb8e/go.mod h1:n7NCudcB/nEzxVGmLbDWY5pfWTLqBcC2KZ6jyYvM4mQ=
gonum.org/v1/gonum v0.0.0-20180816165407-929014505bf4/go.mod h1:Y+Yx5eoAFn32cQvJDxZx5Dpnq+c3wtXuadVZAcxbbBo=
gonum.org/v1/gonum v0.8.1 h1:wGtP3yGpc5mCLOLeTeBdjeui9oZSz5De0eOjMLC/QuQ=
gonum.org/v1/gonum v0.8.1/go.mod h1:oe/vMfY3deqTw+1EZJhuvEW2iwGF1bW9wwu7XCu0+v0=
gonum.org/v1/netlib v0.0.0-20190313105609-8cb42192e0e0/go.mod h1:wa6Ws7BG/ESfp6dHfk7C6KdzKA7wR7u/rKwOGE66zvw=
gonum.org/v1/plot v0.0.0-20190515093506-e2840ee46a6b/go.mod h1:Wt8AAjI+ypCyYX3nZBvf6cAIx93T+c/OS2HFAYskSZc=
gopkg.in/natefinch/npipe.v2 v2.0.0-20160621034901-c1b8fa8bdcce h1:+JknDZhAj8YMt7GC73Ei8pv4MzjDUNPHgQWJdtMAaDU=
gopkg.in/natefinch/npipe.v2 v2.0.0-20160621034901-c1b8fa8bdcce/go.mod h1:5AcXVHNjg+BDxry382+8OKon8SEWiKktQR07RKPsv1c=
rsc.io/pdf v0.1.1/go.mod h1:n8OzWcQ6Sp37PL01nO98y4iUCRdTGarVfzxY20ICaU4=
